
Microsoft Visual Studio Solution File, Format Version 12.00
# Visual Studio Version 17
VisualStudioVersion = 17.4.33213.308
MinimumVisualStudioVersion = 10.0.40219.1
Project("{FAE04EC0-301F-11D3-BF4B-00C04F79EFBC}") = "cs_api", "cs_api\cs_api.csproj", "{B45D4456-82DA-4415-AC96-3670AEAAB2E8}"
EndProject
Global
	GlobalSection(SolutionConfigurationPlatforms) = preSolution
		Debug|Any CPU = Debug|Any CPU
		Release|Any CPU = Release|Any CPU
	EndGlobalSection
	GlobalSection(ProjectConfigurationPlatforms) = postSolution
		{B45D4456-82DA-4415-AC96-3670AEAAB2E8}.Debug|Any CPU.ActiveCfg = Debug|Any CPU
		{B45D4456-82DA-4415-AC96-3670AEAAB2E8}.Debug|Any CPU.Build.0 = Debug|Any CPU
		{B45D4456-82DA-4415-AC96-3670AEAAB2E8}.Release|Any CPU.ActiveCfg = Release|Any CPU
		{B45D4456-82DA-4415-AC96-3670AEAAB2E8}.Release|Any CPU.Build.0 = Release|Any CPU
	EndGlobalSection
	GlobalSection(SolutionProperties) = preSolution
		HideSolutionNode = FALSE
	EndGlobalSection
	GlobalSection(ExtensibilityGlobals) = postSolution
		SolutionGuid = {68EB7241-CDBD-4F15-8374-5797EB6AA981}
	EndGlobalSection
EndGlobal
